
Microsoft Visual Studio Solution File, Format Version 12.00
# Visual Studio Version 17
VisualStudioVersion = 17.14.36429.23
MinimumVisualStudioVersion = 10.0.40219.1
Project("{8BC9CEB8-8B4A-11D0-8D11-00A0C91BC942}") = "Library Project ITI V1", "Library Project ITI\Library Project ITI.vcxproj", "{1861665E-537A-42F8-8C84-37697BFAFB00}"
EndProject
Project("{2150E333-8FDC-42A3-9474-1A3956D46DE8}") = "Solution Items", "Solution Items", "{8EC462FD-D22E-90A8-E5CE-7E832BA40C5D}"
EndProject
Global
	GlobalSection(SolutionConfigurationPlatforms) = preSolution
		Debug|x64 = Debug|x64
		Debug|x86 = Debug|x86
		Release|x64 = Release|x64
		Release|x86 = Release|x86
	EndGlobalSection
	GlobalSection(ProjectConfigurationPlatforms) = postSolution
		{1861665E-537A-42F8-8C84-37697BFAFB00}.Debug|x64.ActiveCfg = Debug|x64
		{1861665E-537A-42F8-8C84-37697BFAFB00}.Debug|x64.Build.0 = Debug|x64
		{1861665E-537A-42F8-8C84-37697BFAFB00}.Debug|x86.ActiveCfg = Debug|Win32
		{1861665E-537A-42F8-8C84-37697BFAFB00}.Debug|x86.Build.0 = Debug|Win32
		{1861665E-537A-42F8-8C84-37697BFAFB00}.Release|x64.ActiveCfg = Release|x64
		{1861665E-537A-42F8-8C84-37697BFAFB00}.Release|x64.Build.0 = Release|x64
		{1861665E-537A-42F8-8C84-37697BFAFB00}.Release|x86.ActiveCfg = Release|Win32
		{1861665E-537A-42F8-8C84-37697BFAFB00}.Release|x86.Build.0 = Release|Win32
	EndGlobalSection
	GlobalSection(SolutionProperties) = preSolution
		HideSolutionNode = FALSE
	EndGlobalSection
	GlobalSection(ExtensibilityGlobals) = postSolution
		SolutionGuid = {B405D68B-E4B6-4218-B27E-9DED9318E5F6}
	EndGlobalSection
EndGlobal
